// !$*UTF8*$!
{
	archiveVersion = 1;
	classes = {
	};
	objectVersion = 55;
	objects = {

/* Begin PBXBuildFile section */
		80B1E98B2740B2E9002D2F81 /* AppDelegate.swift in Sources */ = {isa = PBXBuildFile; fileRef = 80B1E98A2740B2E9002D2F81 /* AppDelegate.swift */; };
		80B1E98D2740B2E9002D2F81 /* SceneDelegate.swift in Sources */ = {isa = PBXBuildFile; fileRef = 80B1E98C2740B2E9002D2F81 /* SceneDelegate.swift */; };
		80B1E98F2740B2E9002D2F81 /* ViewController.swift in Sources */ = {isa = PBXBuildFile; fileRef = 80B1E98E2740B2E9002D2F81 /* ViewController.swift */; };
		80B1E9922740B2E9002D2F81 /* Main.storyboard in Resources */ = {isa = PBXBuildFile; fileRef = 80B1E9902740B2E9002D2F81 /* Main.storyboard */; };
		80B1E9952740B2E9002D2F81 /* ChallengeExcitedApp.xcdatamodeld in Sources */ = {isa = PBXBuildFile; fileRef = 80B1E9932740B2E9002D2F81 /* ChallengeExcitedApp.xcdatamodeld */; };
		80B1E9972740B2EB002D2F81 /* Assets.xcassets in Resources */ = {isa = PBXBuildFile; fileRef = 80B1E9962740B2EB002D2F81 /* Assets.xcassets */; };
		80B1E99A2740B2EB002D2F81 /* LaunchScreen.storyboard in Resources */ = {isa = PBXBuildFile; fileRef = 80B1E9982740B2EB002D2F81 /* LaunchScreen.storyboard */; };
		80B1E9A52740B2EB002D2F81 /* ChallengeExcitedAppTests.swift in Sources */ = {isa = PBXBuildFile; fileRef = 80B1E9A42740B2EB002D2F81 /* ChallengeExcitedAppTests.swift */; };
		80B1E9AF2740B2EB002D2F81 /* ChallengeExcitedAppUITests.swift in Sources */ = {isa = PBXBuildFile; fileRef = 80B1E9AE2740B2EB002D2F81 /* ChallengeExcitedAppUITests.swift */; };
		80B1E9B12740B2EB002D2F81 /* ChallengeExcitedAppUITestsLaunchTests.swift in Sources */ = {isa = PBXBuildFile; fileRef = 80B1E9B02740B2EB002D2F81 /* ChallengeExcitedAppUITestsLaunchTests.swift */; };
/* End PBXBuildFile section */

/* Begin PBXContainerItemProxy section */
		80B1E9A12740B2EB002D2F81 /* PBXContainerItemProxy */ = {
			isa = PBXContainerItemProxy;
			containerPortal = 80B1E97F2740B2E9002D2F81 /* Project object */;
			proxyType = 1;
			remoteGlobalIDString = 80B1E9862740B2E9002D2F81;
			remoteInfo = ChallengeExcitedApp;
		};
		80B1E9AB2740B2EB002D2F81 /* PBXContainerItemProxy */ = {
			isa = PBXContainerItemProxy;
			containerPortal = 80B1E97F2740B2E9002D2F81 /* Project object */;
			proxyType = 1;
			remoteGlobalIDString = 80B1E9862740B2E9002D2F81;
			remoteInfo = ChallengeExcitedApp;
		};
/* End PBXContainerItemProxy section */

/* Begin PBXFileReference section */
		80B1E9872740B2E9002D2F81 /* ChallengeExcitedApp.app */ = {isa = PBXFileReference; explicitFileType = wrapper.application; includeInIndex = 0; path = ChallengeExcitedApp.app; sourceTree = BUILT_PRODUCTS_DIR; };
		80B1E98A2740B2E9002D2F81 /* AppDelegate.swift */ = {isa = PBXFileReference; lastKnownFileType = sourcecode.swift; path = AppDelegate.swift; sourceTree = "<group>"; };
		80B1E98C2740B2E9002D2F81 /* SceneDelegate.swift */ = {isa = PBXFileReference; lastKnownFileType = sourcecode.swift; path = SceneDelegate.swift; sourceTree = "<group>"; };
		80B1E98E2740B2E9002D2F81 /* ViewController.swift */ = {isa = PBXFileReference; lastKnownFileType = sourcecode.swift; path = ViewController.swift; sourceTree = "<group>"; };
		80B1E9912740B2E9002D2F81 /* Base */ = {isa = PBXFileReference; lastKnownFileType = file.storyboard; name = Base; path = Base.lproj/Main.storyboard; sourceTree = "<group>"; };
		80B1E9942740B2E9002D2F81 /* ChallengeExcitedApp.xcdatamodel */ = {isa = PBXFileReference; lastKnownFileType = wrapper.xcdatamodel; path = ChallengeExcitedApp.xcdatamodel; sourceTree = "<group>"; };
		80B1E9962740B2EB002D2F81 /* Assets.xcassets */ = {isa = PBXFileReference; lastKnownFileType = folder.assetcatalog; path = Assets.xcassets; sourceTree = "<group>"; };
		80B1E9992740B2EB002D2F81 /* Base */ = {isa = PBXFileReference; lastKnownFileType = file.storyboard; name = Base; path = Base.lproj/LaunchScreen.storyboard; sourceTree = "<group>"; };
		80B1E99B2740B2EB002D2F81 /* Info.plist */ = {isa = PBXFileReference; lastKnownFileType = text.plist.xml; path = Info.plist; sourceTree = "<group>"; };
		80B1E9A02740B2EB002D2F81 /* ChallengeExcitedAppTests.xctest */ = {isa = PBXFileReference; explicitFileType = wrapper.cfbundle; includeInIndex = 0; path = ChallengeExcitedAppTests.xctest; sourceTree = BUILT_PRODUCTS_DIR; };
		80B1E9A42740B2EB002D2F81 /* ChallengeExcitedAppTests.swift */ = {isa = PBXFileReference; lastKnownFileType = sourcecode.swift; path = ChallengeExcitedAppTests.swift; sourceTree = "<group>"; };
		80B1E9AA2740B2EB002D2F81 /* ChallengeExcitedAppUITests.xctest */ = {isa = PBXFileReference; explicitFileType = wrapper.cfbundle; includeInIndex = 0; path = ChallengeExcitedAppUITests.xctest; sourceTree = BUILT_PRODUCTS_DIR; };
		80B1E9AE2740B2EB002D2F81 /* ChallengeExcitedAppUITests.swift */ = {isa = PBXFileReference; lastKnownFileType = sourcecode.swift; path = ChallengeExcitedAppUITests.swift; sourceTree = "<group>"; };
		80B1E9B02740B2EB002D2F81 /* ChallengeExcitedAppUITestsLaunchTests.swift */ = {isa = PBXFileReference; lastKnownFileType = sourcecode.swift; path = ChallengeExcitedAppUITestsLaunchTests.swift; sourceTree = "<group>"; };
/* End PBXFileReference section */

/* Begin PBXFrameworksBuildPhase section */
		80B1E9842740B2E9002D2F81 /* Frameworks */ = {
			isa = PBXFrameworksBuildPhase;
			buildActionMask = 2147483647;
			files = (
			);
			runOnlyForDeploymentPostprocessing = 0;
		};
		80B1E99D2740B2EB002D2F81 /* Frameworks */ = {
			isa = PBXFrameworksBuildPhase;
			buildActionMask = 2147483647;
			files = (
			);
			runOnlyForDeploymentPostprocessing = 0;
		};
		80B1E9A72740B2EB002D2F81 /* Frameworks */ = {
			isa = PBXFrameworksBuildPhase;
			buildActionMask = 2147483647;
			files = (
			);
			runOnlyForDeploymentPostprocessing = 0;
		};
/* End PBXFrameworksBuildPhase section */

/* Begin PBXGroup section */
		80B1E97E2740B2E9002D2F81 = {
			isa = PBXGroup;
			children = (
				80B1E9892740B2E9002D2F81 /* ChallengeExcitedApp */,
				80B1E9A32740B2EB002D2F81 /* ChallengeExcitedAppTests */,
				80B1E9AD2740B2EB002D2F81 /* ChallengeExcitedAppUITests */,
				80B1E9882740B2E9002D2F81 /* Products */,
			);
			sourceTree = "<group>";
		};
		80B1E9882740B2E9002D2F81 /* Products */ = {
			isa = PBXGroup;
			children = (
				80B1E9872740B2E9002D2F81 /* ChallengeExcitedApp.app */,
				80B1E9A02740B2EB002D2F81 /* ChallengeExcitedAppTests.xctest */,
				80B1E9AA2740B2EB002D2F81 /* ChallengeExcitedAppUITests.xctest */,
			);
			name = Products;
			sourceTree = "<group>";
		};
		80B1E9892740B2E9002D2F81 /* ChallengeExcitedApp */ = {
			isa = PBXGroup;
			children = (
				80B1E98A2740B2E9002D2F81 /* AppDelegate.swift */,
				80B1E98C2740B2E9002D2F81 /* SceneDelegate.swift */,
				80B1E98E2740B2E9002D2F81 /* ViewController.swift */,
				80B1E9902740B2E9002D2F81 /* Main.storyboard */,
				80B1E9962740B2EB002D2F81 /* Assets.xcassets */,
				80B1E9982740B2EB002D2F81 /* LaunchScreen.storyboard */,
				80B1E99B2740B2EB002D2F81 /* Info.plist */,
				80B1E9932740B2E9002D2F81 /* ChallengeExcitedApp.xcdatamodeld */,
			);
			path = ChallengeExcitedApp;
			sourceTree = "<group>";
		};
		80B1E9A32740B2EB002D2F81 /* ChallengeExcitedAppTests */ = {
			isa = PBXGroup;
			children = (
				80B1E9A42740B2EB002D2F81 /* ChallengeExcitedAppTests.swift */,
			);
			path = ChallengeExcitedAppTests;
			sourceTree = "<group>";
		};
		80B1E9AD2740B2EB002D2F81 /* ChallengeExcitedAppUITests */ = {
			isa = PBXGroup;
			children = (
				80B1E9AE2740B2EB002D2F81 /* ChallengeExcitedAppUITests.swift */,
				80B1E9B02740B2EB002D2F81 /* ChallengeExcitedAppUITestsLaunchTests.swift */,
			);
			path = ChallengeExcitedAppUITests;
			sourceTree = "<group>";
		};
/* End PBXGroup section */

/* Begin PBXNativeTarget section */
		80B1E9862740B2E9002D2F81 /* ChallengeExcitedApp */ = {
			isa = PBXNativeTarget;
			buildConfigurationList = 80B1E9B42740B2EB002D2F81 /* Build configuration list for PBXNativeTarget "ChallengeExcitedApp" */;
			buildPhases = (
				80B1E9832740B2E9002D2F81 /* Sources */,
				80B1E9842740B2E9002D2F81 /* Frameworks */,
				80B1E9852740B2E9002D2F81 /* Resources */,
			);
			buildRules = (
			);
			dependencies = (
			);
			name = ChallengeExcitedApp;
			productName = ChallengeExcitedApp;
			productReference = 80B1E9872740B2E9002D2F81 /* ChallengeExcitedApp.app */;
			productType = "com.apple.product-type.application";
		};
		80B1E99F2740B2EB002D2F81 /* ChallengeExcitedAppTests */ = {
			isa = PBXNativeTarget;
			buildConfigurationList = 80B1E9B72740B2EB002D2F81 /* Build configuration list for PBXNativeTarget "ChallengeExcitedAppTests" */;
			buildPhases = (
				80B1E99C2740B2EB002D2F81 /* Sources */,
				80B1E99D2740B2EB002D2F81 /* Frameworks */,
				80B1E99E2740B2EB002D2F81 /* Resources */,
			);
			buildRules = (
			);
			dependencies = (
				80B1E9A22740B2EB002D2F81 /* PBXTargetDependency */,
			);
			name = ChallengeExcitedAppTests;
			productName = ChallengeExcitedAppTests;
			productReference = 80B1E9A02740B2EB002D2F81 /* ChallengeExcitedAppTests.xctest */;
			productType = "com.apple.product-type.bundle.unit-test";
		};
		80B1E9A92740B2EB002D2F81 /* ChallengeExcitedAppUITests */ = {
			isa = PBXNativeTarget;
			buildConfigurationList = 80B1E9BA2740B2EB002D2F81 /* Build configuration list for PBXNativeTarget "ChallengeExcitedAppUITests" */;
			buildPhases = (
				80B1E9A62740B2EB002D2F81 /* Sources */,
				80B1E9A72740B2EB002D2F81 /* Frameworks */,
				80B1E9A82740B2EB002D2F81 /* Resources */,
			);
			buildRules = (
			);
			dependencies = (
				80B1E9AC2740B2EB002D2F81 /* PBXTargetDependency */,
			);
			name = ChallengeExcitedAppUITests;
			productName = ChallengeExcitedAppUITests;
			productReference = 80B1E9AA2740B2EB002D2F81 /* ChallengeExcitedAppUITests.xctest */;
			productType = "com.apple.product-type.bundle.ui-testing";
		};
/* End PBXNativeTarget section */

/* Begin PBXProject section */
		80B1E97F2740B2E9002D2F81 /* Project object */ = {
			isa = PBXProject;
			attributes = {
				BuildIndependentTargetsInParallel = 1;
				LastSwiftUpdateCheck = 1310;
				LastUpgradeCheck = 1310;
				TargetAttributes = {
					80B1E9862740B2E9002D2F81 = {
						CreatedOnToolsVersion = 13.1;
					};
					80B1E99F2740B2EB002D2F81 = {
						CreatedOnToolsVersion = 13.1;
						TestTargetID = 80B1E9862740B2E9002D2F81;
					};
					80B1E9A92740B2EB002D2F81 = {
						CreatedOnToolsVersion = 13.1;
						TestTargetID = 80B1E9862740B2E9002D2F81;
					};
				};
			};
			buildConfigurationList = 80B1E9822740B2E9002D2F81 /* Build configuration list for PBXProject "ChallengeExcitedApp" */;
			compatibilityVersion = "Xcode 13.0";
			developmentRegion = en;
			hasScannedForEncodings = 0;
			knownRegions = (
				en,
				Base,
			);
			mainGroup = 80B1E97E2740B2E9002D2F81;
			productRefGroup = 80B1E9882740B2E9002D2F81 /* Products */;
			projectDirPath = "";
			projectRoot = "";
			targets = (
				80B1E9862740B2E9002D2F81 /* ChallengeExcitedApp */,
				80B1E99F2740B2EB002D2F81 /* ChallengeExcitedAppTests */,
				80B1E9A92740B2EB002D2F81 /* ChallengeExcitedAppUITests */,
			);
		};
/* End PBXProject section */

/* Begin PBXResourcesBuildPhase section */
		80B1E9852740B2E9002D2F81 /* Resources */ = {
			isa = PBXResourcesBuildPhase;
			buildActionMask = 2147483647;
			files = (
				80B1E99A2740B2EB002D2F81 /* LaunchScreen.storyboard in Resources */,
				80B1E9972740B2EB002D2F81 /* Assets.xcassets in Resources */,
				80B1E9922740B2E9002D2F81 /* Main.storyboard in Resources */,
			);
			runOnlyForDeploymentPostprocessing = 0;
		};
		80B1E99E2740B2EB002D2F81 /* Resources */ = {
			isa = PBXResourcesBuildPhase;
			buildActionMask = 2147483647;
			files = (
			);
			runOnlyForDeploymentPostprocessing = 0;
		};
		80B1E9A82740B2EB002D2F81 /* Resources */ = {
			isa = PBXResourcesBuildPhase;
			buildActionMask = 2147483647;
			files = (
			);
			runOnlyForDeploymentPostprocessing = 0;
		};
/* End PBXResourcesBuildPhase section */

/* Begin PBXSourcesBuildPhase section */
		80B1E9832740B2E9002D2F81 /* Sources */ = {
			isa = PBXSourcesBuildPhase;
			buildActionMask = 2147483647;
			files = (
				80B1E9952740B2E9002D2F81 /* ChallengeExcitedApp.xcdatamodeld in Sources */,
				80B1E98F2740B2E9002D2F81 /* ViewController.swift in Sources */,
				80B1E98B2740B2E9002D2F81 /* AppDelegate.swift in Sources */,
				80B1E98D2740B2E9002D2F81 /* SceneDelegate.swift in Sources */,
			);
			runOnlyForDeploymentPostprocessing = 0;
		};
		80B1E99C2740B2EB002D2F81 /* Sources */ = {
			isa = PBXSourcesBuildPhase;
			buildActionMask = 2147483647;
			files = (
				80B1E9A52740B2EB002D2F81 /* ChallengeExcitedAppTests.swift in Sources */,
			);
			runOnlyForDeploymentPostprocessing = 0;
		};
		80B1E9A62740B2EB002D2F81 /* Sources */ = {
			isa = PBXSourcesBuildPhase;
			buildActionMask = 2147483647;
			files = (
				80B1E9AF2740B2EB002D2F81 /* ChallengeExcitedAppUITests.swift in Sources */,
				80B1E9B12740B2EB002D2F81 /* ChallengeExcitedAppUITestsLaunchTests.swift in Sources */,
			);
			runOnlyForDeploymentPostprocessing = 0;
		};
/* End PBXSourcesBuildPhase section */

/* Begin PBXTargetDependency section */
		80B1E9A22740B2EB002D2F81 /* PBXTargetDependency */ = {
			isa = PBXTargetDependency;
			target = 80B1E9862740B2E9002D2F81 /* ChallengeExcitedApp */;
			targetProxy = 80B1E9A12740B2EB002D2F81 /* PBXContainerItemProxy */;
		};
		80B1E9AC2740B2EB002D2F81 /* PBXTargetDependency */ = {
			isa = PBXTargetDependency;
			target = 80B1E9862740B2E9002D2F81 /* ChallengeExcitedApp */;
			targetProxy = 80B1E9AB2740B2EB002D2F81 /* PBXContainerItemProxy */;
		};
/* End PBXTargetDependency section */

/* Begin PBXVariantGroup section */
		80B1E9902740B2E9002D2F81 /* Main.storyboard */ = {
			isa = PBXVariantGroup;
			children = (
				80B1E9912740B2E9002D2F81 /* Base */,
			);
			name = Main.storyboard;
			sourceTree = "<group>";
		};
		80B1E9982740B2EB002D2F81 /* LaunchScreen.storyboard */ = {
			isa = PBXVariantGroup;
			children = (
				80B1E9992740B2EB002D2F81 /* Base */,
			);
			name = LaunchScreen.storyboard;
			sourceTree = "<group>";
		};
/* End PBXVariantGroup section */

/* Begin XCBuildConfiguration section */
		80B1E9B22740B2EB002D2F81 /* Debug */ = {
			isa = XCBuildConfiguration;
			buildSettings = {
				ALWAYS_SEARCH_USER_PATHS = NO;
				CLANG_ANALYZER_NONNULL = YES;
				CLANG_ANALYZER_NUMBER_OBJECT_CONVERSION = YES_AGGRESSIVE;
				CLANG_CXX_LANGUAGE_STANDARD = "gnu++17";
				CLANG_CXX_LIBRARY = "libc++";
				CLANG_ENABLE_MODULES = YES;
				CLANG_ENABLE_OBJC_ARC = YES;
				CLANG_ENABLE_OBJC_WEAK = YES;
				CLANG_WARN_BLOCK_CAPTURE_AUTORELEASING = YES;
				CLANG_WARN_BOOL_CONVERSION = YES;
				CLANG_WARN_COMMA = YES;
				CLANG_WARN_CONSTANT_CONVERSION = YES;
				CLANG_WARN_DEPRECATED_OBJC_IMPLEMENTATIONS = YES;
				CLANG_WARN_DIRECT_OBJC_ISA_USAGE = YES_ERROR;
				CLANG_WARN_DOCUMENTATION_COMMENTS = YES;
				CLANG_WARN_EMPTY_BODY = YES;
				CLANG_WARN_ENUM_CONVERSION = YES;
				CLANG_WARN_INFINITE_RECURSION = YES;
				CLANG_WARN_INT_CONVERSION = YES;
				CLANG_WARN_NON_LITERAL_NULL_CONVERSION = YES;
				CLANG_WARN_OBJC_IMPLICIT_RETAIN_SELF = YES;
				CLANG_WARN_OBJC_LITERAL_CONVERSION = YES;
				CLANG_WARN_OBJC_ROOT_CLASS = YES_ERROR;
				CLANG_WARN_QUOTED_INCLUDE_IN_FRAMEWORK_HEADER = YES;
				CLANG_WARN_RANGE_LOOP_ANALYSIS = YES;
				CLANG_WARN_STRICT_PROTOTYPES = YES;
				CLANG_WARN_SUSPICIOUS_MOVE = YES;
				CLANG_WARN_UNGUARDED_AVAILABILITY = YES_AGGRESSIVE;
				CLANG_WARN_UNREACHABLE_CODE = YES;
				CLANG_WARN__DUPLICATE_METHOD_MATCH = YES;
				COPY_PHASE_STRIP = NO;
				DEBUG_INFORMATION_FORMAT = dwarf;
				ENABLE_STRICT_OBJC_MSGSEND = YES;
				ENABLE_TESTABILITY = YES;
				GCC_C_LANGUAGE_STANDARD = gnu11;
				GCC_DYNAMIC_NO_PIC = NO;
				GCC_NO_COMMON_BLOCKS = YES;
				GCC_OPTIMIZATION_LEVEL = 0;
				GCC_PREPROCESSOR_DEFINITIONS = (
					"DEBUG=1",
					"$(inherited)",
				);
				GCC_WARN_64_TO_32_BIT_CONVERSION = YES;
				GCC_WARN_ABOUT_RETURN_TYPE = YES_ERROR;
				GCC_WARN_UNDECLARED_SELECTOR = YES;
				GCC_WARN_UNINITIALIZED_AUTOS = YES_AGGRESSIVE;
				GCC_WARN_UNUSED_FUNCTION = YES;
				GCC_WARN_UNUSED_VARIABLE = YES;
				IPHONEOS_DEPLOYMENT_TARGET = 15.0;
				MTL_ENABLE_DEBUG_INFO = INCLUDE_SOURCE;
				MTL_FAST_MATH = YES;
				ONLY_ACTIVE_ARCH = YES;
				SDKROOT = iphoneos;
				SWIFT_ACTIVE_COMPILATION_CONDITIONS = DEBUG;
				SWIFT_OPTIMIZATION_LEVEL = "-Onone";
			};
			name = Debug;
		};
		80B1E9B32740B2EB002D2F81 /* Release */ = {
			isa = XCBuildConfiguration;
			buildSettings = {
				ALWAYS_SEARCH_USER_PATHS = NO;
				CLANG_ANALYZER_NONNULL = YES;
				CLANG_ANALYZER_NUMBER_OBJECT_CONVERSION = YES_AGGRESSIVE;
				CLANG_CXX_LANGUAGE_STANDARD = "gnu++17";
				CLANG_CXX_LIBRARY = "libc++";
				CLANG_ENABLE_MODULES = YES;
				CLANG_ENABLE_OBJC_ARC = YES;
				CLANG_ENABLE_OBJC_WEAK = YES;
				CLANG_WARN_BLOCK_CAPTURE_AUTORELEASING = YES;
				CLANG_WARN_BOOL_CONVERSION = YES;
				CLANG_WARN_COMMA = YES;
				CLANG_WARN_CONSTANT_CONVERSION = YES;
				CLANG_WARN_DEPRECATED_OBJC_IMPLEMENTATIONS = YES;
				CLANG_WARN_DIRECT_OBJC_ISA_USAGE = YES_ERROR;
				CLANG_WARN_DOCUMENTATION_COMMENTS = YES;
				CLANG_WARN_EMPTY_BODY = YES;
				CLANG_WARN_ENUM_CONVERSION = YES;
				CLANG_WARN_INFINITE_RECURSION = YES;
				CLANG_WARN_INT_CONVERSION = YES;
				CLANG_WARN_NON_LITERAL_NULL_CONVERSION = YES;
				CLANG_WARN_OBJC_IMPLICIT_RETAIN_SELF = YES;
				CLANG_WARN_OBJC_LITERAL_CONVERSION = YES;
				CLANG_WARN_OBJC_ROOT_CLASS = YES_ERROR;
				CLANG_WARN_QUOTED_INCLUDE_IN_FRAMEWORK_HEADER = YES;
				CLANG_WARN_RANGE_LOOP_ANALYSIS = YES;
				CLANG_WARN_STRICT_PROTOTYPES = YES;
				CLANG_WARN_SUSPICIOUS_MOVE = YES;
				CLANG_WARN_UNGUARDED_AVAILABILITY = YES_AGGRESSIVE;
				CLANG_WARN_UNREACHABLE_CODE = YES;
				CLANG_WARN__DUPLICATE_METHOD_MATCH = YES;
				COPY_PHASE_STRIP = NO;
				DEBUG_INFORMATION_FORMAT = "dwarf-with-dsym";
				ENABLE_NS_ASSERTIONS = NO;
				ENABLE_STRICT_OBJC_MSGSEND = YES;
				GCC_C_LANGUAGE_STANDARD = gnu11;
				GCC_NO_COMMON_BLOCKS = YES;
				GCC_WARN_64_TO_32_BIT_CONVERSION = YES;
				GCC_WARN_ABOUT_RETURN_TYPE = YES_ERROR;
				GCC_WARN_UNDECLARED_SELECTOR = YES;
				GCC_WARN_UNINITIALIZED_AUTOS = YES_AGGRESSIVE;
				GCC_WARN_UNUSED_FUNCTION = YES;
				GCC_WARN_UNUSED_VARIABLE = YES;
				IPHONEOS_DEPLOYMENT_TARGET = 15.0;
				MTL_ENABLE_DEBUG_INFO = NO;
				MTL_FAST_MATH = YES;
				SDKROOT = iphoneos;
				SWIFT_COMPILATION_MODE = wholemodule;
				SWIFT_OPTIMIZATION_LEVEL = "-O";
				VALIDATE_PRODUCT = YES;
			};
			name = Release;
		};
		80B1E9B52740B2EB002D2F81 /* Debug */ = {
			isa = XCBuildConfiguration;
			buildSettings = {
				ASSETCATALOG_COMPILER_APPICON_NAME = AppIcon;
				ASSETCATALOG_COMPILER_GLOBAL_ACCENT_COLOR_NAME = AccentColor;
				CODE_SIGN_STYLE = Automatic;
				CURRENT_PROJECT_VERSION = 1;
				DEVELOPMENT_TEAM = W2BQ443478;
				GENERATE_INFOPLIST_FILE = YES;
				INFOPLIST_FILE = ChallengeExcitedApp/Info.plist;
				INFOPLIST_KEY_UIApplicationSupportsIndirectInputEvents = YES;
				INFOPLIST_KEY_UILaunchStoryboardName = LaunchScreen;
				INFOPLIST_KEY_UIMainStoryboardFile = Main;
				INFOPLIST_KEY_UISupportedInterfaceOrientations_iPad = "UIInterfaceOrientationPortrait UIInterfaceOrientationPortraitUpsideDown UIInterfaceOrientationLandscapeLeft UIInterfaceOrientationLandscapeRight";
				INFOPLIST_KEY_UISupportedInterfaceOrientations_iPhone = "UIInterfaceOrientationPortrait UIInterfaceOrientationLandscapeLeft UIInterfaceOrientationLandscapeRight";
				LD_RUNPATH_SEARCH_PATHS = (
					"$(inherited)",
					"@executable_path/Frameworks",
				);
				MARKETING_VERSION = 1.0;
				PRODUCT_BUNDLE_IDENTIFIER = jp.kbanchi1111.ChallengeExcitedApp;
				PRODUCT_NAME = "$(TARGET_NAME)";
				SWIFT_EMIT_LOC_STRINGS = YES;
				SWIFT_VERSION = 5.0;
				TARGETED_DEVICE_FAMILY = "1,2";
			};
			name = Debug;
		};
		80B1E9B62740B2EB002D2F81 /* Release */ = {
			isa = XCBuildConfiguration;
			buildSettings = {
				ASSETCATALOG_COMPILER_APPICON_NAME = AppIcon;
				ASSETCATALOG_COMPILER_GLOBAL_ACCENT_COLOR_NAME = AccentColor;
				CODE_SIGN_STYLE = Automatic;
				CURRENT_PROJECT_VERSION = 1;
				DEVELOPMENT_TEAM = W2BQ443478;
				GENERATE_INFOPLIST_FILE = YES;
				INFOPLIST_FILE = ChallengeExcitedApp/Info.plist;
				INFOPLIST_KEY_UIApplicationSupportsIndirectInputEvents = YES;
				INFOPLIST_KEY_UILaunchStoryboardName = LaunchScreen;
				INFOPLIST_KEY_UIMainStoryboardFile = Main;
				INFOPLIST_KEY_UISupportedInterfaceOrientations_iPad = "UIInterfaceOrientationPortrait UIInterfaceOrientationPortraitUpsideDown UIInterfaceOrientationLandscapeLeft UIInterfaceOrientationLandscapeRight";
				INFOPLIST_KEY_UISupportedInterfaceOrientations_iPhone = "UIInterfaceOrientationPortrait UIInterfaceOrientationLandscapeLeft UIInterfaceOrientationLandscapeRight";
				LD_RUNPATH_SEARCH_PATHS = (
					"$(inherited)",
					"@executable_path/Frameworks",
				);
				MARKETING_VERSION = 1.0;
				PRODUCT_BUNDLE_IDENTIFIER = jp.kbanchi1111.ChallengeExcitedApp;
				PRODUCT_NAME = "$(TARGET_NAME)";
				SWIFT_EMIT_LOC_STRINGS = YES;
				SWIFT_VERSION = 5.0;
				TARGETED_DEVICE_FAMILY = "1,2";
			};
			name = Release;
		};
		80B1E9B82740B2EB002D2F81 /* Debug */ = {
			isa = XCBuildConfiguration;
			buildSettings = {
				ALWAYS_EMBED_SWIFT_STANDARD_LIBRARIES = YES;
				BUNDLE_LOADER = "$(TEST_HOST)";
				CODE_SIGN_STYLE = Automatic;
				CURRENT_PROJECT_VERSION = 1;
				DEVELOPMENT_TEAM = W2BQ443478;
				GENERATE_INFOPLIST_FILE = YES;
				IPHONEOS_DEPLOYMENT_TARGET = 15.0;
				LD_RUNPATH_SEARCH_PATHS = (
					"$(inherited)",
					"@executable_path/Frameworks",
					"@loader_path/Frameworks",
				);
				MARKETING_VERSION = 1.0;
				PRODUCT_BUNDLE_IDENTIFIER = jp.kbanchi1111.ChallengeExcitedAppTests;
				PRODUCT_NAME = "$(TARGET_NAME)";
				SWIFT_EMIT_LOC_STRINGS = NO;
				SWIFT_VERSION = 5.0;
				TARGETED_DEVICE_FAMILY = "1,2";
				TEST_HOST = "$(BUILT_PRODUCTS_DIR)/ChallengeExcitedApp.app/ChallengeExcitedApp";
			};
			name = Debug;
		};
		80B1E9B92740B2EB002D2F81 /* Release */ = {
			isa = XCBuildConfiguration;
			buildSettings = {
				ALWAYS_EMBED_SWIFT_STANDARD_LIBRARIES = YES;
				BUNDLE_LOADER = "$(TEST_HOST)";
				CODE_SIGN_STYLE = Automatic;
				CURRENT_PROJECT_VERSION = 1;
				DEVELOPMENT_TEAM = W2BQ443478;
				GENERATE_INFOPLIST_FILE = YES;
				IPHONEOS_DEPLOYMENT_TARGET = 15.0;
				LD_RUNPATH_SEARCH_PATHS = (
					"$(inherited)",
					"@executable_path/Frameworks",
					"@loader_path/Frameworks",
				);
				MARKETING_VERSION = 1.0;
				PRODUCT_BUNDLE_IDENTIFIER = jp.kbanchi1111.ChallengeExcitedAppTests;
				PRODUCT_NAME = "$(TARGET_NAME)";
				SWIFT_EMIT_LOC_STRINGS = NO;
				SWIFT_VERSION = 5.0;
				TARGETED_DEVICE_FAMILY = "1,2";
				TEST_HOST = "$(BUILT_PRODUCTS_DIR)/ChallengeExcitedApp.app/ChallengeExcitedApp";
			};
			name = Release;
		};
		80B1E9BB2740B2EB002D2F81 /* Debug */ = {
			isa = XCBuildConfiguration;
			buildSettings = {
				ALWAYS_EMBED_SWIFT_STANDARD_LIBRARIES = YES;
				CODE_SIGN_STYLE = Automatic;
				CURRENT_PROJECT_VERSION = 1;
				DEVELOPMENT_TEAM = W2BQ443478;
				GENERATE_INFOPLIST_FILE = YES;
				LD_RUNPATH_SEARCH_PATHS = (
					"$(inherited)",
					"@executable_path/Frameworks",
					"@loader_path/Frameworks",
				);
				MARKETING_VERSION = 1.0;
				PRODUCT_BUNDLE_IDENTIFIER = jp.kbanchi1111.ChallengeExcitedAppUITests;
				PRODUCT_NAME = "$(TARGET_NAME)";
				SWIFT_EMIT_LOC_STRINGS = NO;
				SWIFT_VERSION = 5.0;
				TARGETED_DEVICE_FAMILY = "1,2";
				TEST_TARGET_NAME = ChallengeExcitedApp;
			};
			name = Debug;
		};
		80B1E9BC2740B2EB002D2F81 /* Release */ = {
			isa = XCBuildConfiguration;
			buildSettings = {
				ALWAYS_EMBED_SWIFT_STANDARD_LIBRARIES = YES;
				CODE_SIGN_STYLE = Automatic;
				CURRENT_PROJECT_VERSION = 1;
				DEVELOPMENT_TEAM = W2BQ443478;
				GENERATE_INFOPLIST_FILE = YES;
				LD_RUNPATH_SEARCH_PATHS = (
					"$(inherited)",
					"@executable_path/Frameworks",
					"@loader_path/Frameworks",
				);
				MARKETING_VERSION = 1.0;
				PRODUCT_BUNDLE_IDENTIFIER = jp.kbanchi1111.ChallengeExcitedAppUITests;
				PRODUCT_NAME = "$(TARGET_NAME)";
				SWIFT_EMIT_LOC_STRINGS = NO;
				SWIFT_VERSION = 5.0;
				TARGETED_DEVICE_FAMILY = "1,2";
				TEST_TARGET_NAME = ChallengeExcitedApp;
			};
			name = Release;
		};
/* End XCBuildConfiguration section */

/* Begin XCConfigurationList section */
		80B1E9822740B2E9002D2F81 /* Build configuration list for PBXProject "ChallengeExcitedApp" */ = {
			isa = XCConfigurationList;
			buildConfigurations = (
				80B1E9B22740B2EB002D2F81 /* Debug */,
				80B1E9B32740B2EB002D2F81 /* Release */,
			);
			defaultConfigurationIsVisible = 0;
			defaultConfigurationName = Release;
		};
		80B1E9B42740B2EB002D2F81 /* Build configuration list for PBXNativeTarget "ChallengeExcitedApp" */ = {
			isa = XCConfigurationList;
			buildConfigurations = (
				80B1E9B52740B2EB002D2F81 /* Debug */,
				80B1E9B62740B2EB002D2F81 /* Release */,
			);
			defaultConfigurationIsVisible = 0;
			defaultConfigurationName = Release;
		};
		80B1E9B72740B2EB002D2F81 /* Build configuration list for PBXNativeTarget "ChallengeExcitedAppTests" */ = {
			isa = XCConfigurationList;
			buildConfigurations = (
				80B1E9B82740B2EB002D2F81 /* Debug */,
				80B1E9B92740B2EB002D2F81 /* Release */,
			);
			defaultConfigurationIsVisible = 0;
			defaultConfigurationName = Release;
		};
		80B1E9BA2740B2EB002D2F81 /* Build configuration list for PBXNativeTarget "ChallengeExcitedAppUITests" */ = {
			isa = XCConfigurationList;
			buildConfigurations = (
				80B1E9BB2740B2EB002D2F81 /* Debug */,
				80B1E9BC2740B2EB002D2F81 /* Release */,
			);
			defaultConfigurationIsVisible = 0;
			defaultConfigurationName = Release;
		};
/* End XCConfigurationList section */

/* Begin XCVersionGroup section */
		80B1E9932740B2E9002D2F81 /* ChallengeExcitedApp.xcdatamodeld */ = {
			isa = XCVersionGroup;
			children = (
				80B1E9942740B2E9002D2F81 /* ChallengeExcitedApp.xcdatamodel */,
			);
			currentVersion = 80B1E9942740B2E9002D2F81 /* ChallengeExcitedApp.xcdatamodel */;
			path = ChallengeExcitedApp.xcdatamodeld;
			sourceTree = "<group>";
			versionGroupType = wrapper.xcdatamodel;
		};
/* End XCVersionGroup section */
	};
	rootObject = 80B1E97F2740B2E9002D2F81 /* Project object */;
}
